// !$*UTF8*$!
{
	archiveVersion = 1;
	classes = {
	};
	objectVersion = 46;
	objects = {

/* Begin PBXBuildFile section */
		01BF32B01E30153F0030E2C2 /* AppDelegate.swift in Sources */ = {isa = PBXBuildFile; fileRef = 01BF32AF1E30153F0030E2C2 /* AppDelegate.swift */; };
		01BF32B21E30153F0030E2C2 /* ViewController.swift in Sources */ = {isa = PBXBuildFile; fileRef = 01BF32B11E30153F0030E2C2 /* ViewController.swift */; };
		01BF32B51E30153F0030E2C2 /* Main.storyboard in Resources */ = {isa = PBXBuildFile; fileRef = 01BF32B31E30153F0030E2C2 /* Main.storyboard */; };
		01BF32B71E30153F0030E2C2 /* Assets.xcassets in Resources */ = {isa = PBXBuildFile; fileRef = 01BF32B61E30153F0030E2C2 /* Assets.xcassets */; };
		01BF32BA1E30153F0030E2C2 /* LaunchScreen.storyboard in Resources */ = {isa = PBXBuildFile; fileRef = 01BF32B81E30153F0030E2C2 /* LaunchScreen.storyboard */; };
		01BF32C51E3015400030E2C2 /* Off_the_Wall_ArapahoTests.swift in Sources */ = {isa = PBXBuildFile; fileRef = 01BF32C41E3015400030E2C2 /* Off_the_Wall_ArapahoTests.swift */; };
		01BF32D01E3015400030E2C2 /* Off_the_Wall_ArapahoUITests.swift in Sources */ = {isa = PBXBuildFile; fileRef = 01BF32CF1E3015400030E2C2 /* Off_the_Wall_ArapahoUITests.swift */; };
/* End PBXBuildFile section */

/* Begin PBXContainerItemProxy section */
		01BF32C11E3015400030E2C2 /* PBXContainerItemProxy */ = {
			isa = PBXContainerItemProxy;
			containerPortal = 01BF32A41E30153F0030E2C2 /* Project object */;
			proxyType = 1;
			remoteGlobalIDString = 01BF32AB1E30153F0030E2C2;
			remoteInfo = Off_the_Wall_Arapaho;
		};
		01BF32CC1E3015400030E2C2 /* PBXContainerItemProxy */ = {
			isa = PBXContainerItemProxy;
			containerPortal = 01BF32A41E30153F0030E2C2 /* Project object */;
			proxyType = 1;
			remoteGlobalIDString = 01BF32AB1E30153F0030E2C2;
			remoteInfo = Off_the_Wall_Arapaho;
		};
/* End PBXContainerItemProxy section */

/* Begin PBXFileReference section */
		01BF32AC1E30153F0030E2C2 /* Off the Wall Arapaho.app */ = {isa = PBXFileReference; explicitFileType = wrapper.application; includeInIndex = 0; path = "Off the Wall Arapaho.app"; sourceTree = BUILT_PRODUCTS_DIR; };
		01BF32AF1E30153F0030E2C2 /* AppDelegate.swift */ = {isa = PBXFileReference; lastKnownFileType = sourcecode.swift; path = AppDelegate.swift; sourceTree = "<group>"; };
		01BF32B11E30153F0030E2C2 /* ViewController.swift */ = {isa = PBXFileReference; lastKnownFileType = sourcecode.swift; path = ViewController.swift; sourceTree = "<group>"; };
		01BF32B41E30153F0030E2C2 /* Base */ = {isa = PBXFileReference; lastKnownFileType = file.storyboard; name = Base; path = Base.lproj/Main.storyboard; sourceTree = "<group>"; };
		01BF32B61E30153F0030E2C2 /* Assets.xcassets */ = {isa = PBXFileReference; lastKnownFileType = folder.assetcatalog; path = Assets.xcassets; sourceTree = "<group>"; };
		01BF32B91E30153F0030E2C2 /* Base */ = {isa = PBXFileReference; lastKnownFileType = file.storyboard; name = Base; path = Base.lproj/LaunchScreen.storyboard; sourceTree = "<group>"; };
		01BF32BB1E30153F0030E2C2 /* Info.plist */ = {isa = PBXFileReference; lastKnownFileType = text.plist.xml; path = Info.plist; sourceTree = "<group>"; };
		01BF32C01E3015400030E2C2 /* Off the Wall ArapahoTests.xctest */ = {isa = PBXFileReference; explicitFileType = wrapper.cfbundle; includeInIndex = 0; path = "Off the Wall ArapahoTests.xctest"; sourceTree = BUILT_PRODUCTS_DIR; };
		01BF32C41E3015400030E2C2 /* Off_the_Wall_ArapahoTests.swift */ = {isa = PBXFileReference; lastKnownFileType = sourcecode.swift; path = Off_the_Wall_ArapahoTests.swift; sourceTree = "<group>"; };
		01BF32C61E3015400030E2C2 /* Info.plist */ = {isa = PBXFileReference; lastKnownFileType = text.plist.xml; path = Info.plist; sourceTree = "<group>"; };
		01BF32CB1E3015400030E2C2 /* Off the Wall ArapahoUITests.xctest */ = {isa = PBXFileReference; explicitFileType = wrapper.cfbundle; includeInIndex = 0; path = "Off the Wall ArapahoUITests.xctest"; sourceTree = BUILT_PRODUCTS_DIR; };
		01BF32CF1E3015400030E2C2 /* Off_the_Wall_ArapahoUITests.swift */ = {isa = PBXFileReference; lastKnownFileType = sourcecode.swift; path = Off_the_Wall_ArapahoUITests.swift; sourceTree = "<group>"; };
		01BF32D11E3015400030E2C2 /* Info.plist */ = {isa = PBXFileReference; lastKnownFileType = text.plist.xml; path = Info.plist; sourceTree = "<group>"; };
/* End PBXFileReference section */

/* Begin PBXFrameworksBuildPhase section */
		01BF32A91E30153F0030E2C2 /* Frameworks */ = {
			isa = PBXFrameworksBuildPhase;
			buildActionMask = 2147483647;
			files = (
			);
			runOnlyForDeploymentPostprocessing = 0;
		};
		01BF32BD1E3015400030E2C2 /* Frameworks */ = {
			isa = PBXFrameworksBuildPhase;
			buildActionMask = 2147483647;
			files = (
			);
			runOnlyForDeploymentPostprocessing = 0;
		};
		01BF32C81E3015400030E2C2 /* Frameworks */ = {
			isa = PBXFrameworksBuildPhase;
			buildActionMask = 2147483647;
			files = (
			);
			runOnlyForDeploymentPostprocessing = 0;
		};
/* End PBXFrameworksBuildPhase section */

/* Begin PBXGroup section */
		01BF32A31E30153F0030E2C2 = {
			isa = PBXGroup;
			children = (
				01BF32AE1E30153F0030E2C2 /* Off_the_Wall_Arapaho */,
				01BF32C31E3015400030E2C2 /* Off_the_Wall_ArapahoTests */,
				01BF32CE1E3015400030E2C2 /* Off_the_Wall_ArapahoUITests */,
				01BF32AD1E30153F0030E2C2 /* Products */,
			);
			sourceTree = "<group>";
		};
		01BF32AD1E30153F0030E2C2 /* Products */ = {
			isa = PBXGroup;
			children = (
				01BF32AC1E30153F0030E2C2 /* Off the Wall Arapaho.app */,
				01BF32C01E3015400030E2C2 /* Off the Wall ArapahoTests.xctest */,
				01BF32CB1E3015400030E2C2 /* Off the Wall ArapahoUITests.xctest */,
			);
			name = Products;
			sourceTree = "<group>";
		};
		01BF32AE1E30153F0030E2C2 /* Off_the_Wall_Arapaho */ = {
			isa = PBXGroup;
			children = (
				01BF32AF1E30153F0030E2C2 /* AppDelegate.swift */,
				01BF32B11E30153F0030E2C2 /* ViewController.swift */,
				01BF32B31E30153F0030E2C2 /* Main.storyboard */,
				01BF32B61E30153F0030E2C2 /* Assets.xcassets */,
				01BF32B81E30153F0030E2C2 /* LaunchScreen.storyboard */,
				01BF32BB1E30153F0030E2C2 /* Info.plist */,
			);
			path = Off_the_Wall_Arapaho;
			sourceTree = "<group>";
		};
		01BF32C31E3015400030E2C2 /* Off_the_Wall_ArapahoTests */ = {
			isa = PBXGroup;
			children = (
				01BF32C41E3015400030E2C2 /* Off_the_Wall_ArapahoTests.swift */,
				01BF32C61E3015400030E2C2 /* Info.plist */,
			);
			path = Off_the_Wall_ArapahoTests;
			sourceTree = "<group>";
		};
		01BF32CE1E3015400030E2C2 /* Off_the_Wall_ArapahoUITests */ = {
			isa = PBXGroup;
			children = (
				01BF32CF1E3015400030E2C2 /* Off_the_Wall_ArapahoUITests.swift */,
				01BF32D11E3015400030E2C2 /* Info.plist */,
			);
			path = Off_the_Wall_ArapahoUITests;
			sourceTree = "<group>";
		};
/* End PBXGroup section */

/* Begin PBXNativeTarget section */
		01BF32AB1E30153F0030E2C2 /* Off the Wall Arapaho */ = {
			isa = PBXNativeTarget;
			buildConfigurationList = 01BF32D41E3015400030E2C2 /* Build configuration list for PBXNativeTarget "Off the Wall Arapaho" */;
			buildPhases = (
				01BF32A81E30153F0030E2C2 /* Sources */,
				01BF32A91E30153F0030E2C2 /* Frameworks */,
				01BF32AA1E30153F0030E2C2 /* Resources */,
			);
			buildRules = (
			);
			dependencies = (
			);
			name = "Off the Wall Arapaho";
			productName = Off_the_Wall_Arapaho;
			productReference = 01BF32AC1E30153F0030E2C2 /* Off the Wall Arapaho.app */;
			productType = "com.apple.product-type.application";
		};
		01BF32BF1E3015400030E2C2 /* Off the Wall ArapahoTests */ = {
			isa = PBXNativeTarget;
			buildConfigurationList = 01BF32D71E3015400030E2C2 /* Build configuration list for PBXNativeTarget "Off the Wall ArapahoTests" */;
			buildPhases = (
				01BF32BC1E3015400030E2C2 /* Sources */,
				01BF32BD1E3015400030E2C2 /* Frameworks */,
				01BF32BE1E3015400030E2C2 /* Resources */,
			);
			buildRules = (
			);
			dependencies = (
				01BF32C21E3015400030E2C2 /* PBXTargetDependency */,
			);
			name = "Off the Wall ArapahoTests";
			productName = Off_the_Wall_ArapahoTests;
			productReference = 01BF32C01E3015400030E2C2 /* Off the Wall ArapahoTests.xctest */;
			productType = "com.apple.product-type.bundle.unit-test";
		};
		01BF32CA1E3015400030E2C2 /* Off the Wall ArapahoUITests */ = {
			isa = PBXNativeTarget;
			buildConfigurationList = 01BF32DA1E3015400030E2C2 /* Build configuration list for PBXNativeTarget "Off the Wall ArapahoUITests" */;
			buildPhases = (
				01BF32C71E3015400030E2C2 /* Sources */,
				01BF32C81E3015400030E2C2 /* Frameworks */,
				01BF32C91E3015400030E2C2 /* Resources */,
			);
			buildRules = (
			);
			dependencies = (
				01BF32CD1E3015400030E2C2 /* PBXTargetDependency */,
			);
			name = "Off the Wall ArapahoUITests";
			productName = Off_the_Wall_ArapahoUITests;
			productReference = 01BF32CB1E3015400030E2C2 /* Off the Wall ArapahoUITests.xctest */;
			productType = "com.apple.product-type.bundle.ui-testing";
		};
/* End PBXNativeTarget section */

/* Begin PBXProject section */
		01BF32A41E30153F0030E2C2 /* Project object */ = {
			isa = PBXProject;
			attributes = {
				LastSwiftUpdateCheck = 0820;
				LastUpgradeCheck = 0820;
				ORGANIZATIONNAME = "Yadira Valadez";
				TargetAttributes = {
					01BF32AB1E30153F0030E2C2 = {
						CreatedOnToolsVersion = 8.2.1;
						DevelopmentTeam = 226CXQHTPN;
						ProvisioningStyle = Automatic;
					};
					01BF32BF1E3015400030E2C2 = {
						CreatedOnToolsVersion = 8.2.1;
						ProvisioningStyle = Automatic;
						TestTargetID = 01BF32AB1E30153F0030E2C2;
					};
					01BF32CA1E3015400030E2C2 = {
						CreatedOnToolsVersion = 8.2.1;
						ProvisioningStyle = Automatic;
						TestTargetID = 01BF32AB1E30153F0030E2C2;
					};
				};
			};
			buildConfigurationList = 01BF32A71E30153F0030E2C2 /* Build configuration list for PBXProject "Off the Wall Arapaho" */;
			compatibilityVersion = "Xcode 3.2";
			developmentRegion = English;
			hasScannedForEncodings = 0;
			knownRegions = (
				en,
				Base,
			);
			mainGroup = 01BF32A31E30153F0030E2C2;
			productRefGroup = 01BF32AD1E30153F0030E2C2 /* Products */;
			projectDirPath = "";
			projectRoot = "";
			targets = (
				01BF32AB1E30153F0030E2C2 /* Off the Wall Arapaho */,
				01BF32BF1E3015400030E2C2 /* Off the Wall ArapahoTests */,
				01BF32CA1E3015400030E2C2 /* Off the Wall ArapahoUITests */,
			);
		};
/* End PBXProject section */

/* Begin PBXResourcesBuildPhase section */
		01BF32AA1E30153F0030E2C2 /* Resources */ = {
			isa = PBXResourcesBuildPhase;
			buildActionMask = 2147483647;
			files = (
				01BF32BA1E30153F0030E2C2 /* LaunchScreen.storyboard in Resources */,
				01BF32B71E30153F0030E2C2 /* Assets.xcassets in Resources */,
				01BF32B51E30153F0030E2C2 /* Main.storyboard in Resources */,
			);
			runOnlyForDeploymentPostprocessing = 0;
		};
		01BF32BE1E3015400030E2C2 /* Resources */ = {
			isa = PBXResourcesBuildPhase;
			buildActionMask = 2147483647;
			files = (
			);
			runOnlyForDeploymentPostprocessing = 0;
		};
		01BF32C91E3015400030E2C2 /* Resources */ = {
			isa = PBXResourcesBuildPhase;
			buildActionMask = 2147483647;
			files = (
			);
			runOnlyForDeploymentPostprocessing = 0;
		};
/* End PBXResourcesBuildPhase section */

/* Begin PBXSourcesBuildPhase section */
		01BF32A81E30153F0030E2C2 /* Sources */ = {
			isa = PBXSourcesBuildPhase;
			buildActionMask = 2147483647;
			files = (
				01BF32B21E30153F0030E2C2 /* ViewController.swift in Sources */,
				01BF32B01E30153F0030E2C2 /* AppDelegate.swift in Sources */,
			);
			runOnlyForDeploymentPostprocessing = 0;
		};
		01BF32BC1E3015400030E2C2 /* Sources */ = {
			isa = PBXSourcesBuildPhase;
			buildActionMask = 2147483647;
			files = (
				01BF32C51E3015400030E2C2 /* Off_the_Wall_ArapahoTests.swift in Sources */,
			);
			runOnlyForDeploymentPostprocessing = 0;
		};
		01BF32C71E3015400030E2C2 /* Sources */ = {
			isa = PBXSourcesBuildPhase;
			buildActionMask = 2147483647;
			files = (
				01BF32D01E3015400030E2C2 /* Off_the_Wall_ArapahoUITests.swift in Sources */,
			);
			runOnlyForDeploymentPostprocessing = 0;
		};
/* End PBXSourcesBuildPhase section */

/* Begin PBXTargetDependency section */
		01BF32C21E3015400030E2C2 /* PBXTargetDependency */ = {
			isa = PBXTargetDependency;
			target = 01BF32AB1E30153F0030E2C2 /* Off the Wall Arapaho */;
			targetProxy = 01BF32C11E3015400030E2C2 /* PBXContainerItemProxy */;
		};
		01BF32CD1E3015400030E2C2 /* PBXTargetDependency */ = {
			isa = PBXTargetDependency;
			target = 01BF32AB1E30153F0030E2C2 /* Off the Wall Arapaho */;
			targetProxy = 01BF32CC1E3015400030E2C2 /* PBXContainerItemProxy */;
		};
/* End PBXTargetDependency section */

/* Begin PBXVariantGroup section */
		01BF32B31E30153F0030E2C2 /* Main.storyboard */ = {
			isa = PBXVariantGroup;
			children = (
				01BF32B41E30153F0030E2C2 /* Base */,
			);
			name = Main.storyboard;
			sourceTree = "<group>";
		};
		01BF32B81E30153F0030E2C2 /* LaunchScreen.storyboard */ = {
			isa = PBXVariantGroup;
			children = (
				01BF32B91E30153F0030E2C2 /* Base */,
			);
			name = LaunchScreen.storyboard;
			sourceTree = "<group>";
		};
/* End PBXVariantGroup section */

/* Begin XCBuildConfiguration section */
		01BF32D21E3015400030E2C2 /* Debug */ = {
			isa = XCBuildConfiguration;
			buildSettings = {
				ALWAYS_SEARCH_USER_PATHS = NO;
				CLANG_ANALYZER_NONNULL = YES;
				CLANG_CXX_LANGUAGE_STANDARD = "gnu++0x";
				CLANG_CXX_LIBRARY = "libc++";
				CLANG_ENABLE_MODULES = YES;
				CLANG_ENABLE_OBJC_ARC = YES;
				CLANG_WARN_BOOL_CONVERSION = YES;
				CLANG_WARN_CONSTANT_CONVERSION = YES;
				CLANG_WARN_DIRECT_OBJC_ISA_USAGE = YES_ERROR;
				CLANG_WARN_DOCUMENTATION_COMMENTS = YES;
				CLANG_WARN_EMPTY_BODY = YES;
				CLANG_WARN_ENUM_CONVERSION = YES;
				CLANG_WARN_INFINITE_RECURSION = YES;
				CLANG_WARN_INT_CONVERSION = YES;
				CLANG_WARN_OBJC_ROOT_CLASS = YES_ERROR;
				CLANG_WARN_SUSPICIOUS_MOVE = YES;
				CLANG_WARN_UNREACHABLE_CODE = YES;
				CLANG_WARN__DUPLICATE_METHOD_MATCH = YES;
				"CODE_SIGN_IDENTITY[sdk=iphoneos*]" = "iPhone Developer";
				COPY_PHASE_STRIP = NO;
				DEBUG_INFORMATION_FORMAT = dwarf;
				ENABLE_STRICT_OBJC_MSGSEND = YES;
				ENABLE_TESTABILITY = YES;
				GCC_C_LANGUAGE_STANDARD = gnu99;
				GCC_DYNAMIC_NO_PIC = NO;
				GCC_NO_COMMON_BLOCKS = YES;
				GCC_OPTIMIZATION_LEVEL = 0;
				GCC_PREPROCESSOR_DEFINITIONS = (
					"DEBUG=1",
					"$(inherited)",
				);
				GCC_WARN_64_TO_32_BIT_CONVERSION = YES;
				GCC_WARN_ABOUT_RETURN_TYPE = YES_ERROR;
				GCC_WARN_UNDECLARED_SELECTOR = YES;
				GCC_WARN_UNINITIALIZED_AUTOS = YES_AGGRESSIVE;
				GCC_WARN_UNUSED_FUNCTION = YES;
				GCC_WARN_UNUSED_VARIABLE = YES;
				IPHONEOS_DEPLOYMENT_TARGET = 10.2;
				MTL_ENABLE_DEBUG_INFO = YES;
				ONLY_ACTIVE_ARCH = YES;
				SDKROOT = iphoneos;
				SWIFT_ACTIVE_COMPILATION_CONDITIONS = DEBUG;
				SWIFT_OPTIMIZATION_LEVEL = "-Onone";
				TARGETED_DEVICE_FAMILY = "1,2";
			};
			name = Debug;
		};
		01BF32D31E3015400030E2C2 /* Release */ = {
			isa = XCBuildConfiguration;
			buildSettings = {
				ALWAYS_SEARCH_USER_PATHS = NO;
				CLANG_ANALYZER_NONNULL = YES;
				CLANG_CXX_LANGUAGE_STANDARD = "gnu++0x";
				CLANG_CXX_LIBRARY = "libc++";
				CLANG_ENABLE_MODULES = YES;
				CLANG_ENABLE_OBJC_ARC = YES;
				CLANG_WARN_BOOL_CONVERSION = YES;
				CLANG_WARN_CONSTANT_CONVERSION = YES;
				CLANG_WARN_DIRECT_OBJC_ISA_USAGE = YES_ERROR;
				CLANG_WARN_DOCUMENTATION_COMMENTS = YES;
				CLANG_WARN_EMPTY_BODY = YES;
				CLANG_WARN_ENUM_CONVERSION = YES;
				CLANG_WARN_INFINITE_RECURSION = YES;
				CLANG_WARN_INT_CONVERSION = YES;
				CLANG_WARN_OBJC_ROOT_CLASS = YES_ERROR;
				CLANG_WARN_SUSPICIOUS_MOVE = YES;
				CLANG_WARN_UNREACHABLE_CODE = YES;
				CLANG_WARN__DUPLICATE_METHOD_MATCH = YES;
				"CODE_SIGN_IDENTITY[sdk=iphoneos*]" = "iPhone Developer";
				COPY_PHASE_STRIP = NO;
				DEBUG_INFORMATION_FORMAT = "dwarf-with-dsym";
				ENABLE_NS_ASSERTIONS = NO;
				ENABLE_STRICT_OBJC_MSGSEND = YES;
				GCC_C_LANGUAGE_STANDARD = gnu99;
				GCC_NO_COMMON_BLOCKS = YES;
				GCC_WARN_64_TO_32_BIT_CONVERSION = YES;
				GCC_WARN_ABOUT_RETURN_TYPE = YES_ERROR;
				GCC_WARN_UNDECLARED_SELECTOR = YES;
				GCC_WARN_UNINITIALIZED_AUTOS = YES_AGGRESSIVE;
				GCC_WARN_UNUSED_FUNCTION = YES;
				GCC_WARN_UNUSED_VARIABLE = YES;
				IPHONEOS_DEPLOYMENT_TARGET = 10.2;
				MTL_ENABLE_DEBUG_INFO = NO;
				SDKROOT = iphoneos;
				SWIFT_OPTIMIZATION_LEVEL = "-Owholemodule";
				TARGETED_DEVICE_FAMILY = "1,2";
				VALIDATE_PRODUCT = YES;
			};
			name = Release;
		};
		01BF32D51E3015400030E2C2 /* Debug */ = {
			isa = XCBuildConfiguration;
			buildSettings = {
				ASSETCATALOG_COMPILER_APPICON_NAME = AppIcon;
				DEVELOPMENT_TEAM = 226CXQHTPN;
				INFOPLIST_FILE = Off_the_Wall_Arapaho/Info.plist;
				LD_RUNPATH_SEARCH_PATHS = "$(inherited) @executable_path/Frameworks";
				PRODUCT_BUNDLE_IDENTIFIER = "OTW-Arapaho.Off-the-Wall-Arapaho";
				PRODUCT_NAME = "$(TARGET_NAME)";
				SWIFT_VERSION = 3.0;
			};
			name = Debug;
		};
		01BF32D61E3015400030E2C2 /* Release */ = {
			isa = XCBuildConfiguration;
			buildSettings = {
				ASSETCATALOG_COMPILER_APPICON_NAME = AppIcon;
				DEVELOPMENT_TEAM = 226CXQHTPN;
				INFOPLIST_FILE = Off_the_Wall_Arapaho/Info.plist;
				LD_RUNPATH_SEARCH_PATHS = "$(inherited) @executable_path/Frameworks";
				PRODUCT_BUNDLE_IDENTIFIER = "OTW-Arapaho.Off-the-Wall-Arapaho";
				PRODUCT_NAME = "$(TARGET_NAME)";
				SWIFT_VERSION = 3.0;
			};
			name = Release;
		};
		01BF32D81E3015400030E2C2 /* Debug */ = {
			isa = XCBuildConfiguration;
			buildSettings = {
				ALWAYS_EMBED_SWIFT_STANDARD_LIBRARIES = YES;
				BUNDLE_LOADER = "$(TEST_HOST)";
				INFOPLIST_FILE = Off_the_Wall_ArapahoTests/Info.plist;
				LD_RUNPATH_SEARCH_PATHS = "$(inherited) @executable_path/Frameworks @loader_path/Frameworks";
				PRODUCT_BUNDLE_IDENTIFIER = "OTW-Arapaho.Off-the-Wall-ArapahoTests";
				PRODUCT_NAME = "$(TARGET_NAME)";
				SWIFT_VERSION = 3.0;
				TEST_HOST = "$(BUILT_PRODUCTS_DIR)/Off the Wall Arapaho.app/Off the Wall Arapaho";
			};
			name = Debug;
		};
		01BF32D91E3015400030E2C2 /* Release */ = {
			isa = XCBuildConfiguration;
			buildSettings = {
				ALWAYS_EMBED_SWIFT_STANDARD_LIBRARIES = YES;
				BUNDLE_LOADER = "$(TEST_HOST)";
				INFOPLIST_FILE = Off_the_Wall_ArapahoTests/Info.plist;
				LD_RUNPATH_SEARCH_PATHS = "$(inherited) @executable_path/Frameworks @loader_path/Frameworks";
				PRODUCT_BUNDLE_IDENTIFIER = "OTW-Arapaho.Off-the-Wall-ArapahoTests";
				PRODUCT_NAME = "$(TARGET_NAME)";
				SWIFT_VERSION = 3.0;
				TEST_HOST = "$(BUILT_PRODUCTS_DIR)/Off the Wall Arapaho.app/Off the Wall Arapaho";
			};
			name = Release;
		};
		01BF32DB1E3015400030E2C2 /* Debug */ = {
			isa = XCBuildConfiguration;
			buildSettings = {
				ALWAYS_EMBED_SWIFT_STANDARD_LIBRARIES = YES;
				INFOPLIST_FILE = Off_the_Wall_ArapahoUITests/Info.plist;
				LD_RUNPATH_SEARCH_PATHS = "$(inherited) @executable_path/Frameworks @loader_path/Frameworks";
				PRODUCT_BUNDLE_IDENTIFIER = "OTW-Arapaho.Off-the-Wall-ArapahoUITests";
				PRODUCT_NAME = "$(TARGET_NAME)";
				SWIFT_VERSION = 3.0;
				TEST_TARGET_NAME = Off_the_Wall_Arapaho;
			};
			name = Debug;
		};
		01BF32DC1E3015400030E2C2 /* Release */ = {
			isa = XCBuildConfiguration;
			buildSettings = {
				ALWAYS_EMBED_SWIFT_STANDARD_LIBRARIES = YES;
				INFOPLIST_FILE = Off_the_Wall_ArapahoUITests/Info.plist;
				LD_RUNPATH_SEARCH_PATHS = "$(inherited) @executable_path/Frameworks @loader_path/Frameworks";
				PRODUCT_BUNDLE_IDENTIFIER = "OTW-Arapaho.Off-the-Wall-ArapahoUITests";
				PRODUCT_NAME = "$(TARGET_NAME)";
				SWIFT_VERSION = 3.0;
				TEST_TARGET_NAME = Off_the_Wall_Arapaho;
			};
			name = Release;
		};
/* End XCBuildConfiguration section */

/* Begin XCConfigurationList section */
		01BF32A71E30153F0030E2C2 /* Build configuration list for PBXProject "Off the Wall Arapaho" */ = {
			isa = XCConfigurationList;
			buildConfigurations = (
				01BF32D21E3015400030E2C2 /* Debug */,
				01BF32D31E3015400030E2C2 /* Release */,
			);
			defaultConfigurationIsVisible = 0;
			defaultConfigurationName = Release;
		};
		01BF32D41E3015400030E2C2 /* Build configuration list for PBXNativeTarget "Off the Wall Arapaho" */ = {
			isa = XCConfigurationList;
			buildConfigurations = (
				01BF32D51E3015400030E2C2 /* Debug */,
				01BF32D61E3015400030E2C2 /* Release */,
			);
			defaultConfigurationIsVisible = 0;
			defaultConfigurationName = Release;
		};
		01BF32D71E3015400030E2C2 /* Build configuration list for PBXNativeTarget "Off the Wall ArapahoTests" */ = {
			isa = XCConfigurationList;
			buildConfigurations = (
				01BF32D81E3015400030E2C2 /* Debug */,
				01BF32D91E3015400030E2C2 /* Release */,
			);
			defaultConfigurationIsVisible = 0;
			defaultConfigurationName = Release;
		};
		01BF32DA1E3015400030E2C2 /* Build configuration list for PBXNativeTarget "Off the Wall ArapahoUITests" */ = {
			isa = XCConfigurationList;
			buildConfigurations = (
				01BF32DB1E3015400030E2C2 /* Debug */,
				01BF32DC1E3015400030E2C2 /* Release */,
			);
			defaultConfigurationIsVisible = 0;
			defaultConfigurationName = Release;
		};
/* End XCConfigurationList section */
	};
	rootObject = 01BF32A41E30153F0030E2C2 /* Project object */;
}
