// !$*UTF8*$!
{
	archiveVersion = 1;
	classes = {
	};
	objectVersion = 46;
	objects = {

/* Begin PBXBuildFile section */
		0145DC5E1E998E5500784FBD /* AppDelegate.swift in Sources */ = {isa = PBXBuildFile; fileRef = 0145DC5D1E998E5500784FBD /* AppDelegate.swift */; };
		0145DC601E998E5500784FBD /* ViewController.swift in Sources */ = {isa = PBXBuildFile; fileRef = 0145DC5F1E998E5500784FBD /* ViewController.swift */; };
		0145DC631E998E5500784FBD /* Main.storyboard in Resources */ = {isa = PBXBuildFile; fileRef = 0145DC611E998E5500784FBD /* Main.storyboard */; };
		0145DC661E998E5500784FBD /* Off_the_Wall_Arapaho.xcdatamodeld in Sources */ = {isa = PBXBuildFile; fileRef = 0145DC641E998E5500784FBD /* Off_the_Wall_Arapaho.xcdatamodeld */; };
		0145DC681E998E5500784FBD /* Assets.xcassets in Resources */ = {isa = PBXBuildFile; fileRef = 0145DC671E998E5500784FBD /* Assets.xcassets */; };
		0145DC6B1E998E5500784FBD /* LaunchScreen.storyboard in Resources */ = {isa = PBXBuildFile; fileRef = 0145DC691E998E5500784FBD /* LaunchScreen.storyboard */; };
		0145DC761E998E5500784FBD /* Off_the_Wall_ArapahoTests.swift in Sources */ = {isa = PBXBuildFile; fileRef = 0145DC751E998E5500784FBD /* Off_the_Wall_ArapahoTests.swift */; };
		0145DC811E998E5500784FBD /* Off_the_Wall_ArapahoUITests.swift in Sources */ = {isa = PBXBuildFile; fileRef = 0145DC801E998E5500784FBD /* Off_the_Wall_ArapahoUITests.swift */; };
		0145DC8F1E9993B600784FBD /* QRScannerContoller.swift in Sources */ = {isa = PBXBuildFile; fileRef = 0145DC8E1E9993B600784FBD /* QRScannerContoller.swift */; };
		015F19C81E9A627E003F199F /* 1 What do you want to eat.wav in Resources */ = {isa = PBXBuildFile; fileRef = 015F19AB1E9A627E003F199F /* 1 What do you want to eat.wav */; };
		015F19C91E9A627E003F199F /* 2 inan Do_you_want.wav in Resources */ = {isa = PBXBuildFile; fileRef = 015F19AC1E9A627E003F199F /* 2 inan Do_you_want.wav */; };
		015F19CA1E9A627E003F199F /* 3 an Do_you_want.wav in Resources */ = {isa = PBXBuildFile; fileRef = 015F19AD1E9A627E003F199F /* 3 an Do_you_want.wav */; };
		015F19CB1E9A627E003F199F /* 4 Say.wav in Resources */ = {isa = PBXBuildFile; fileRef = 015F19AE1E9A627E003F199F /* 4 Say.wav */; };
		015F19CC1E9A627E003F199F /* 8 an Its yummy.wav in Resources */ = {isa = PBXBuildFile; fileRef = 015F19AF1E9A627E003F199F /* 8 an Its yummy.wav */; };
		015F19CD1E9A627E003F199F /* 9 more_more.wav in Resources */ = {isa = PBXBuildFile; fileRef = 015F19B01E9A627E003F199F /* 9 more_more.wav */; };
		015F19CE1E9A627E003F199F /* 10 all done_all done.wav in Resources */ = {isa = PBXBuildFile; fileRef = 015F19B11E9A627E003F199F /* 10 all done_all done.wav */; };
		015F19CF1E9A627E003F199F /* 11 bread.wav in Resources */ = {isa = PBXBuildFile; fileRef = 015F19B21E9A627E003F199F /* 11 bread.wav */; };
		015F19D01E9A627E003F199F /* 12 eggs.wav in Resources */ = {isa = PBXBuildFile; fileRef = 015F19B31E9A627E003F199F /* 12 eggs.wav */; };
		015F19D11E9A627E003F199F /* 13 strawberries.wav in Resources */ = {isa = PBXBuildFile; fileRef = 015F19B41E9A627E003F199F /* 13 strawberries.wav */; };
		015F19D21E9A627E003F199F /* 14 chicken.wav in Resources */ = {isa = PBXBuildFile; fileRef = 015F19B51E9A627E003F199F /* 14 chicken.wav */; };
		015F19D31E9A627E003F199F /* 15 cereal_wo.wav in Resources */ = {isa = PBXBuildFile; fileRef = 015F19B61E9A627E003F199F /* 15 cereal_wo.wav */; };
		015F19D41E9A627E003F199F /* 16 yes final.wav in Resources */ = {isa = PBXBuildFile; fileRef = 015F19B71E9A627E003F199F /* 16 yes final.wav */; };
		015F19D51E9A627E003F199F /* 17 no.wav in Resources */ = {isa = PBXBuildFile; fileRef = 015F19B81E9A627E003F199F /* 17 no.wav */; };
		015F19D61E9A627E003F199F /* 18 milk.wav in Resources */ = {isa = PBXBuildFile; fileRef = 015F19B91E9A627E003F199F /* 18 milk.wav */; };
		015F19D71E9A627E003F199F /* 21 banana.wav in Resources */ = {isa = PBXBuildFile; fileRef = 015F19BA1E9A627E003F199F /* 21 banana.wav */; };
		015F19D81E9A627E003F199F /* 22 cheese.wav in Resources */ = {isa = PBXBuildFile; fileRef = 015F19BB1E9A627E003F199F /* 22 cheese.wav */; };
		015F19D91E9A627E003F199F /* 23 rice.wav in Resources */ = {isa = PBXBuildFile; fileRef = 015F19BC1E9A627E003F199F /* 23 rice.wav */; };
		015F19DA1E9A627E003F199F /* 24 carrots.wav in Resources */ = {isa = PBXBuildFile; fileRef = 015F19BD1E9A627E003F199F /* 24 carrots.wav */; };
		015F19DB1E9A627E003F199F /* 25 water.wav in Resources */ = {isa = PBXBuildFile; fileRef = 015F19BE1E9A627E003F199F /* 25 water.wav */; };
		015F19DC1E9A627E003F199F /* 27 what's that.wav in Resources */ = {isa = PBXBuildFile; fileRef = 015F19BF1E9A627E003F199F /* 27 what's that.wav */; };
		015F19DD1E9A627E003F199F /* 28 -WO do you want cereal.wav in Resources */ = {isa = PBXBuildFile; fileRef = 015F19C01E9A627E003F199F /* 28 -WO do you want cereal.wav */; };
		015F19DE1E9A627E003F199F /* 29 Do you want some chicken.wav in Resources */ = {isa = PBXBuildFile; fileRef = 015F19C11E9A627E003F199F /* 29 Do you want some chicken.wav */; };
		015F19DF1E9A627E003F199F /* 32 I want to eat cheese.wav in Resources */ = {isa = PBXBuildFile; fileRef = 015F19C21E9A627E003F199F /* 32 I want to eat cheese.wav */; };
		015F19E01E9A627E003F199F /* 33 More question.wav in Resources */ = {isa = PBXBuildFile; fileRef = 015F19C31E9A627E003F199F /* 33 More question.wav */; };
		015F19E11E9A627E003F199F /* 34 all done question.wav in Resources */ = {isa = PBXBuildFile; fileRef = 015F19C41E9A627E003F199F /* 34 all done question.wav */; };
		015F19E21E9A627E003F199F /* 35 all done answer.wav in Resources */ = {isa = PBXBuildFile; fileRef = 015F19C51E9A627E003F199F /* 35 all done answer.wav */; };
		015F19E31E9A627E003F199F /* 36 thank you.wav in Resources */ = {isa = PBXBuildFile; fileRef = 015F19C61E9A627E003F199F /* 36 thank you.wav */; };
		015F19E41E9A627E003F199F /* 37 Im hungry.wav in Resources */ = {isa = PBXBuildFile; fileRef = 015F19C71E9A627E003F199F /* 37 Im hungry.wav */; };
		015F19E61E9A6A28003F199F /* 1 What do you want to eat.mp3 in Resources */ = {isa = PBXBuildFile; fileRef = 015F19E51E9A6A28003F199F /* 1 What do you want to eat.mp3 */; };
		019B2BEA1E9A01D800AEEC1E /* DisplayContentController.swift in Sources */ = {isa = PBXBuildFile; fileRef = 019B2BE91E9A01D800AEEC1E /* DisplayContentController.swift */; };
		01C71A121E9A99DF00F635C4 /* 1 What do you want to eat.mp3 in Resources */ = {isa = PBXBuildFile; fileRef = 01C71A111E9A99DF00F635C4 /* 1 What do you want to eat.mp3 */; };
		01C71A131E9A99DF00F635C4 /* 1 What do you want to eat.mp3 in Resources */ = {isa = PBXBuildFile; fileRef = 01C71A111E9A99DF00F635C4 /* 1 What do you want to eat.mp3 */; };
		01C71A141E9A99DF00F635C4 /* 1 What do you want to eat.mp3 in Resources */ = {isa = PBXBuildFile; fileRef = 01C71A111E9A99DF00F635C4 /* 1 What do you want to eat.mp3 */; };
/* End PBXBuildFile section */

/* Begin PBXContainerItemProxy section */
		0145DC721E998E5500784FBD /* PBXContainerItemProxy */ = {
			isa = PBXContainerItemProxy;
			containerPortal = 0145DC521E998E5500784FBD /* Project object */;
			proxyType = 1;
			remoteGlobalIDString = 0145DC591E998E5500784FBD;
			remoteInfo = "Off the Wall Arapaho";
		};
		0145DC7D1E998E5500784FBD /* PBXContainerItemProxy */ = {
			isa = PBXContainerItemProxy;
			containerPortal = 0145DC521E998E5500784FBD /* Project object */;
			proxyType = 1;
			remoteGlobalIDString = 0145DC591E998E5500784FBD;
			remoteInfo = "Off the Wall Arapaho";
		};
/* End PBXContainerItemProxy section */

/* Begin PBXFileReference section */
		0145DC5A1E998E5500784FBD /* Off the Wall Arapaho.app */ = {isa = PBXFileReference; explicitFileType = wrapper.application; includeInIndex = 0; path = "Off the Wall Arapaho.app"; sourceTree = BUILT_PRODUCTS_DIR; };
		0145DC5D1E998E5500784FBD /* AppDelegate.swift */ = {isa = PBXFileReference; lastKnownFileType = sourcecode.swift; path = AppDelegate.swift; sourceTree = "<group>"; };
		0145DC5F1E998E5500784FBD /* ViewController.swift */ = {isa = PBXFileReference; lastKnownFileType = sourcecode.swift; path = ViewController.swift; sourceTree = "<group>"; };
		0145DC621E998E5500784FBD /* Base */ = {isa = PBXFileReference; lastKnownFileType = file.storyboard; name = Base; path = Base.lproj/Main.storyboard; sourceTree = "<group>"; };
		0145DC651E998E5500784FBD /* Off_the_Wall_Arapaho.xcdatamodel */ = {isa = PBXFileReference; lastKnownFileType = wrapper.xcdatamodel; path = Off_the_Wall_Arapaho.xcdatamodel; sourceTree = "<group>"; };
		0145DC671E998E5500784FBD /* Assets.xcassets */ = {isa = PBXFileReference; lastKnownFileType = folder.assetcatalog; path = Assets.xcassets; sourceTree = "<group>"; };
		0145DC6A1E998E5500784FBD /* Base */ = {isa = PBXFileReference; lastKnownFileType = file.storyboard; name = Base; path = Base.lproj/LaunchScreen.storyboard; sourceTree = "<group>"; };
		0145DC6C1E998E5500784FBD /* Info.plist */ = {isa = PBXFileReference; lastKnownFileType = text.plist.xml; path = Info.plist; sourceTree = "<group>"; };
		0145DC711E998E5500784FBD /* Off the Wall ArapahoTests.xctest */ = {isa = PBXFileReference; explicitFileType = wrapper.cfbundle; includeInIndex = 0; path = "Off the Wall ArapahoTests.xctest"; sourceTree = BUILT_PRODUCTS_DIR; };
		0145DC751E998E5500784FBD /* Off_the_Wall_ArapahoTests.swift */ = {isa = PBXFileReference; lastKnownFileType = sourcecode.swift; path = Off_the_Wall_ArapahoTests.swift; sourceTree = "<group>"; };
		0145DC771E998E5500784FBD /* Info.plist */ = {isa = PBXFileReference; lastKnownFileType = text.plist.xml; path = Info.plist; sourceTree = "<group>"; };
		0145DC7C1E998E5500784FBD /* Off the Wall ArapahoUITests.xctest */ = {isa = PBXFileReference; explicitFileType = wrapper.cfbundle; includeInIndex = 0; path = "Off the Wall ArapahoUITests.xctest"; sourceTree = BUILT_PRODUCTS_DIR; };
		0145DC801E998E5500784FBD /* Off_the_Wall_ArapahoUITests.swift */ = {isa = PBXFileReference; lastKnownFileType = sourcecode.swift; path = Off_the_Wall_ArapahoUITests.swift; sourceTree = "<group>"; };
		0145DC821E998E5500784FBD /* Info.plist */ = {isa = PBXFileReference; lastKnownFileType = text.plist.xml; path = Info.plist; sourceTree = "<group>"; };
		0145DC8E1E9993B600784FBD /* QRScannerContoller.swift */ = {isa = PBXFileReference; fileEncoding = 4; lastKnownFileType = sourcecode.swift; path = QRScannerContoller.swift; sourceTree = "<group>"; };
		015F19AB1E9A627E003F199F /* 1 What do you want to eat.wav */ = {isa = PBXFileReference; lastKnownFileType = audio.wav; name = "1 What do you want to eat.wav"; path = "../../../../Downloads/2017 Module 1/1 What do you want to eat.wav"; sourceTree = "<group>"; };
		015F19AC1E9A627E003F199F /* 2 inan Do_you_want.wav */ = {isa = PBXFileReference; lastKnownFileType = audio.wav; name = "2 inan Do_you_want.wav"; path = "../../../../Downloads/2017 Module 1/2 inan Do_you_want.wav"; sourceTree = "<group>"; };
		015F19AD1E9A627E003F199F /* 3 an Do_you_want.wav */ = {isa = PBXFileReference; lastKnownFileType = audio.wav; name = "3 an Do_you_want.wav"; path = "../../../../Downloads/2017 Module 1/3 an Do_you_want.wav"; sourceTree = "<group>"; };
		015F19AE1E9A627E003F199F /* 4 Say.wav */ = {isa = PBXFileReference; lastKnownFileType = audio.wav; name = "4 Say.wav"; path = "../../../../Downloads/2017 Module 1/4 Say.wav"; sourceTree = "<group>"; };
		015F19AF1E9A627E003F199F /* 8 an Its yummy.wav */ = {isa = PBXFileReference; lastKnownFileType = audio.wav; name = "8 an Its yummy.wav"; path = "../../../../Downloads/2017 Module 1/8 an Its yummy.wav"; sourceTree = "<group>"; };
		015F19B01E9A627E003F199F /* 9 more_more.wav */ = {isa = PBXFileReference; lastKnownFileType = audio.wav; name = "9 more_more.wav"; path = "../../../../Downloads/2017 Module 1/9 more_more.wav"; sourceTree = "<group>"; };
		015F19B11E9A627E003F199F /* 10 all done_all done.wav */ = {isa = PBXFileReference; lastKnownFileType = audio.wav; name = "10 all done_all done.wav"; path = "../../../../Downloads/2017 Module 1/10 all done_all done.wav"; sourceTree = "<group>"; };
		015F19B21E9A627E003F199F /* 11 bread.wav */ = {isa = PBXFileReference; lastKnownFileType = audio.wav; name = "11 bread.wav"; path = "../../../../Downloads/2017 Module 1/11 bread.wav"; sourceTree = "<group>"; };
		015F19B31E9A627E003F199F /* 12 eggs.wav */ = {isa = PBXFileReference; lastKnownFileType = audio.wav; name = "12 eggs.wav"; path = "../../../../Downloads/2017 Module 1/12 eggs.wav"; sourceTree = "<group>"; };
		015F19B41E9A627E003F199F /* 13 strawberries.wav */ = {isa = PBXFileReference; lastKnownFileType = audio.wav; name = "13 strawberries.wav"; path = "../../../../Downloads/2017 Module 1/13 strawberries.wav"; sourceTree = "<group>"; };
		015F19B51E9A627E003F199F /* 14 chicken.wav */ = {isa = PBXFileReference; lastKnownFileType = audio.wav; name = "14 chicken.wav"; path = "../../../../Downloads/2017 Module 1/14 chicken.wav"; sourceTree = "<group>"; };
		015F19B61E9A627E003F199F /* 15 cereal_wo.wav */ = {isa = PBXFileReference; lastKnownFileType = audio.wav; name = "15 cereal_wo.wav"; path = "../../../../Downloads/2017 Module 1/15 cereal_wo.wav"; sourceTree = "<group>"; };
		015F19B71E9A627E003F199F /* 16 yes final.wav */ = {isa = PBXFileReference; lastKnownFileType = audio.wav; name = "16 yes final.wav"; path = "../../../../Downloads/2017 Module 1/16 yes final.wav"; sourceTree = "<group>"; };
		015F19B81E9A627E003F199F /* 17 no.wav */ = {isa = PBXFileReference; lastKnownFileType = audio.wav; name = "17 no.wav"; path = "../../../../Downloads/2017 Module 1/17 no.wav"; sourceTree = "<group>"; };
		015F19B91E9A627E003F199F /* 18 milk.wav */ = {isa = PBXFileReference; lastKnownFileType = audio.wav; name = "18 milk.wav"; path = "../../../../Downloads/2017 Module 1/18 milk.wav"; sourceTree = "<group>"; };
		015F19BA1E9A627E003F199F /* 21 banana.wav */ = {isa = PBXFileReference; lastKnownFileType = audio.wav; name = "21 banana.wav"; path = "../../../../Downloads/2017 Module 1/21 banana.wav"; sourceTree = "<group>"; };
		015F19BB1E9A627E003F199F /* 22 cheese.wav */ = {isa = PBXFileReference; lastKnownFileType = audio.wav; name = "22 cheese.wav"; path = "../../../../Downloads/2017 Module 1/22 cheese.wav"; sourceTree = "<group>"; };
		015F19BC1E9A627E003F199F /* 23 rice.wav */ = {isa = PBXFileReference; lastKnownFileType = audio.wav; name = "23 rice.wav"; path = "../../../../Downloads/2017 Module 1/23 rice.wav"; sourceTree = "<group>"; };
		015F19BD1E9A627E003F199F /* 24 carrots.wav */ = {isa = PBXFileReference; lastKnownFileType = audio.wav; name = "24 carrots.wav"; path = "../../../../Downloads/2017 Module 1/24 carrots.wav"; sourceTree = "<group>"; };
		015F19BE1E9A627E003F199F /* 25 water.wav */ = {isa = PBXFileReference; lastKnownFileType = audio.wav; name = "25 water.wav"; path = "../../../../Downloads/2017 Module 1/25 water.wav"; sourceTree = "<group>"; };
		015F19BF1E9A627E003F199F /* 27 what's that.wav */ = {isa = PBXFileReference; lastKnownFileType = audio.wav; name = "27 what's that.wav"; path = "../../../../Downloads/2017 Module 1/27 what's that.wav"; sourceTree = "<group>"; };
		015F19C01E9A627E003F199F /* 28 -WO do you want cereal.wav */ = {isa = PBXFileReference; lastKnownFileType = audio.wav; name = "28 -WO do you want cereal.wav"; path = "../../../../Downloads/2017 Module 1/28 -WO do you want cereal.wav"; sourceTree = "<group>"; };
		015F19C11E9A627E003F199F /* 29 Do you want some chicken.wav */ = {isa = PBXFileReference; lastKnownFileType = audio.wav; name = "29 Do you want some chicken.wav"; path = "../../../../Downloads/2017 Module 1/29 Do you want some chicken.wav"; sourceTree = "<group>"; };
		015F19C21E9A627E003F199F /* 32 I want to eat cheese.wav */ = {isa = PBXFileReference; lastKnownFileType = audio.wav; name = "32 I want to eat cheese.wav"; path = "../../../../Downloads/2017 Module 1/32 I want to eat cheese.wav"; sourceTree = "<group>"; };
		015F19C31E9A627E003F199F /* 33 More question.wav */ = {isa = PBXFileReference; lastKnownFileType = audio.wav; name = "33 More question.wav"; path = "../../../../Downloads/2017 Module 1/33 More question.wav"; sourceTree = "<group>"; };
		015F19C41E9A627E003F199F /* 34 all done question.wav */ = {isa = PBXFileReference; lastKnownFileType = audio.wav; name = "34 all done question.wav"; path = "../../../../Downloads/2017 Module 1/34 all done question.wav"; sourceTree = "<group>"; };
		015F19C51E9A627E003F199F /* 35 all done answer.wav */ = {isa = PBXFileReference; lastKnownFileType = audio.wav; name = "35 all done answer.wav"; path = "../../../../Downloads/2017 Module 1/35 all done answer.wav"; sourceTree = "<group>"; };
		015F19C61E9A627E003F199F /* 36 thank you.wav */ = {isa = PBXFileReference; lastKnownFileType = audio.wav; name = "36 thank you.wav"; path = "../../../../Downloads/2017 Module 1/36 thank you.wav"; sourceTree = "<group>"; };
		015F19C71E9A627E003F199F /* 37 Im hungry.wav */ = {isa = PBXFileReference; lastKnownFileType = audio.wav; name = "37 Im hungry.wav"; path = "../../../../Downloads/2017 Module 1/37 Im hungry.wav"; sourceTree = "<group>"; };
		015F19E51E9A6A28003F199F /* 1 What do you want to eat.mp3 */ = {isa = PBXFileReference; lastKnownFileType = audio.mp3; name = "1 What do you want to eat.mp3"; path = "../../../../Downloads/2017 Module 1/1 What do you want to eat.mp3"; sourceTree = "<group>"; };
		019B2BE91E9A01D800AEEC1E /* DisplayContentController.swift */ = {isa = PBXFileReference; fileEncoding = 4; lastKnownFileType = sourcecode.swift; path = DisplayContentController.swift; sourceTree = "<group>"; };
		01C71A111E9A99DF00F635C4 /* 1 What do you want to eat.mp3 */ = {isa = PBXFileReference; lastKnownFileType = audio.mp3; name = "1 What do you want to eat.mp3"; path = "../../../../Downloads/2017 Module 1/1 What do you want to eat.mp3"; sourceTree = "<group>"; };
/* End PBXFileReference section */

/* Begin PBXFrameworksBuildPhase section */
		0145DC571E998E5500784FBD /* Frameworks */ = {
			isa = PBXFrameworksBuildPhase;
			buildActionMask = 2147483647;
			files = (
			);
			runOnlyForDeploymentPostprocessing = 0;
		};
		0145DC6E1E998E5500784FBD /* Frameworks */ = {
			isa = PBXFrameworksBuildPhase;
			buildActionMask = 2147483647;
			files = (
			);
			runOnlyForDeploymentPostprocessing = 0;
		};
		0145DC791E998E5500784FBD /* Frameworks */ = {
			isa = PBXFrameworksBuildPhase;
			buildActionMask = 2147483647;
			files = (
			);
			runOnlyForDeploymentPostprocessing = 0;
		};
/* End PBXFrameworksBuildPhase section */

/* Begin PBXGroup section */
		0145DC511E998E5500784FBD = {
			isa = PBXGroup;
			children = (
				0145DC5C1E998E5500784FBD /* Off the Wall Arapaho */,
				0145DC741E998E5500784FBD /* Off the Wall ArapahoTests */,
				0145DC7F1E998E5500784FBD /* Off the Wall ArapahoUITests */,
				0145DC5B1E998E5500784FBD /* Products */,
			);
			sourceTree = "<group>";
		};
		0145DC5B1E998E5500784FBD /* Products */ = {
			isa = PBXGroup;
			children = (
				0145DC5A1E998E5500784FBD /* Off the Wall Arapaho.app */,
				0145DC711E998E5500784FBD /* Off the Wall ArapahoTests.xctest */,
				0145DC7C1E998E5500784FBD /* Off the Wall ArapahoUITests.xctest */,
			);
			name = Products;
			sourceTree = "<group>";
		};
		0145DC5C1E998E5500784FBD /* Off the Wall Arapaho */ = {
			isa = PBXGroup;
			children = (
				015F19AB1E9A627E003F199F /* 1 What do you want to eat.wav */,
				015F19AC1E9A627E003F199F /* 2 inan Do_you_want.wav */,
				015F19AD1E9A627E003F199F /* 3 an Do_you_want.wav */,
				015F19AE1E9A627E003F199F /* 4 Say.wav */,
				015F19AF1E9A627E003F199F /* 8 an Its yummy.wav */,
				015F19B01E9A627E003F199F /* 9 more_more.wav */,
				015F19B11E9A627E003F199F /* 10 all done_all done.wav */,
				015F19B21E9A627E003F199F /* 11 bread.wav */,
				01C71A111E9A99DF00F635C4 /* 1 What do you want to eat.mp3 */,
				015F19B31E9A627E003F199F /* 12 eggs.wav */,
				015F19E51E9A6A28003F199F /* 1 What do you want to eat.mp3 */,
				015F19B41E9A627E003F199F /* 13 strawberries.wav */,
				015F19B51E9A627E003F199F /* 14 chicken.wav */,
				015F19B61E9A627E003F199F /* 15 cereal_wo.wav */,
				015F19B71E9A627E003F199F /* 16 yes final.wav */,
				015F19B81E9A627E003F199F /* 17 no.wav */,
				015F19B91E9A627E003F199F /* 18 milk.wav */,
				015F19BA1E9A627E003F199F /* 21 banana.wav */,
				015F19BB1E9A627E003F199F /* 22 cheese.wav */,
				015F19BC1E9A627E003F199F /* 23 rice.wav */,
				015F19BD1E9A627E003F199F /* 24 carrots.wav */,
				015F19BE1E9A627E003F199F /* 25 water.wav */,
				015F19BF1E9A627E003F199F /* 27 what's that.wav */,
				015F19C01E9A627E003F199F /* 28 -WO do you want cereal.wav */,
				015F19C11E9A627E003F199F /* 29 Do you want some chicken.wav */,
				015F19C21E9A627E003F199F /* 32 I want to eat cheese.wav */,
				015F19C31E9A627E003F199F /* 33 More question.wav */,
				015F19C41E9A627E003F199F /* 34 all done question.wav */,
				015F19C51E9A627E003F199F /* 35 all done answer.wav */,
				015F19C61E9A627E003F199F /* 36 thank you.wav */,
				015F19C71E9A627E003F199F /* 37 Im hungry.wav */,
				0145DC5D1E998E5500784FBD /* AppDelegate.swift */,
				0145DC5F1E998E5500784FBD /* ViewController.swift */,
				019B2BE91E9A01D800AEEC1E /* DisplayContentController.swift */,
				0145DC611E998E5500784FBD /* Main.storyboard */,
				0145DC8E1E9993B600784FBD /* QRScannerContoller.swift */,
				0145DC671E998E5500784FBD /* Assets.xcassets */,
				0145DC691E998E5500784FBD /* LaunchScreen.storyboard */,
				0145DC6C1E998E5500784FBD /* Info.plist */,
				0145DC641E998E5500784FBD /* Off_the_Wall_Arapaho.xcdatamodeld */,
			);
			path = "Off the Wall Arapaho";
			sourceTree = "<group>";
		};
		0145DC741E998E5500784FBD /* Off the Wall ArapahoTests */ = {
			isa = PBXGroup;
			children = (
				0145DC751E998E5500784FBD /* Off_the_Wall_ArapahoTests.swift */,
				0145DC771E998E5500784FBD /* Info.plist */,
			);
			path = "Off the Wall ArapahoTests";
			sourceTree = "<group>";
		};
		0145DC7F1E998E5500784FBD /* Off the Wall ArapahoUITests */ = {
			isa = PBXGroup;
			children = (
				0145DC801E998E5500784FBD /* Off_the_Wall_ArapahoUITests.swift */,
				0145DC821E998E5500784FBD /* Info.plist */,
			);
			path = "Off the Wall ArapahoUITests";
			sourceTree = "<group>";
		};
/* End PBXGroup section */

/* Begin PBXNativeTarget section */
		0145DC591E998E5500784FBD /* Off the Wall Arapaho */ = {
			isa = PBXNativeTarget;
			buildConfigurationList = 0145DC851E998E5500784FBD /* Build configuration list for PBXNativeTarget "Off the Wall Arapaho" */;
			buildPhases = (
				0145DC561E998E5500784FBD /* Sources */,
				0145DC571E998E5500784FBD /* Frameworks */,
				0145DC581E998E5500784FBD /* Resources */,
			);
			buildRules = (
			);
			dependencies = (
			);
			name = "Off the Wall Arapaho";
			productName = "Off the Wall Arapaho";
			productReference = 0145DC5A1E998E5500784FBD /* Off the Wall Arapaho.app */;
			productType = "com.apple.product-type.application";
		};
		0145DC701E998E5500784FBD /* Off the Wall ArapahoTests */ = {
			isa = PBXNativeTarget;
			buildConfigurationList = 0145DC881E998E5500784FBD /* Build configuration list for PBXNativeTarget "Off the Wall ArapahoTests" */;
			buildPhases = (
				0145DC6D1E998E5500784FBD /* Sources */,
				0145DC6E1E998E5500784FBD /* Frameworks */,
				0145DC6F1E998E5500784FBD /* Resources */,
			);
			buildRules = (
			);
			dependencies = (
				0145DC731E998E5500784FBD /* PBXTargetDependency */,
			);
			name = "Off the Wall ArapahoTests";
			productName = "Off the Wall ArapahoTests";
			productReference = 0145DC711E998E5500784FBD /* Off the Wall ArapahoTests.xctest */;
			productType = "com.apple.product-type.bundle.unit-test";
		};
		0145DC7B1E998E5500784FBD /* Off the Wall ArapahoUITests */ = {
			isa = PBXNativeTarget;
			buildConfigurationList = 0145DC8B1E998E5500784FBD /* Build configuration list for PBXNativeTarget "Off the Wall ArapahoUITests" */;
			buildPhases = (
				0145DC781E998E5500784FBD /* Sources */,
				0145DC791E998E5500784FBD /* Frameworks */,
				0145DC7A1E998E5500784FBD /* Resources */,
			);
			buildRules = (
			);
			dependencies = (
				0145DC7E1E998E5500784FBD /* PBXTargetDependency */,
			);
			name = "Off the Wall ArapahoUITests";
			productName = "Off the Wall ArapahoUITests";
			productReference = 0145DC7C1E998E5500784FBD /* Off the Wall ArapahoUITests.xctest */;
			productType = "com.apple.product-type.bundle.ui-testing";
		};
/* End PBXNativeTarget section */

/* Begin PBXProject section */
		0145DC521E998E5500784FBD /* Project object */ = {
			isa = PBXProject;
			attributes = {
				LastSwiftUpdateCheck = 0830;
				LastUpgradeCheck = 0830;
				ORGANIZATIONNAME = "Yadira Valadez";
				TargetAttributes = {
					0145DC591E998E5500784FBD = {
						CreatedOnToolsVersion = 8.3;
						DevelopmentTeam = 226CXQHTPN;
						ProvisioningStyle = Automatic;
					};
					0145DC701E998E5500784FBD = {
						CreatedOnToolsVersion = 8.3;
						DevelopmentTeam = 226CXQHTPN;
						ProvisioningStyle = Automatic;
						TestTargetID = 0145DC591E998E5500784FBD;
					};
					0145DC7B1E998E5500784FBD = {
						CreatedOnToolsVersion = 8.3;
						DevelopmentTeam = 226CXQHTPN;
						ProvisioningStyle = Automatic;
						TestTargetID = 0145DC591E998E5500784FBD;
					};
				};
			};
			buildConfigurationList = 0145DC551E998E5500784FBD /* Build configuration list for PBXProject "Off the Wall Arapaho" */;
			compatibilityVersion = "Xcode 3.2";
			developmentRegion = English;
			hasScannedForEncodings = 0;
			knownRegions = (
				en,
				Base,
			);
			mainGroup = 0145DC511E998E5500784FBD;
			productRefGroup = 0145DC5B1E998E5500784FBD /* Products */;
			projectDirPath = "";
			projectRoot = "";
			targets = (
				0145DC591E998E5500784FBD /* Off the Wall Arapaho */,
				0145DC701E998E5500784FBD /* Off the Wall ArapahoTests */,
				0145DC7B1E998E5500784FBD /* Off the Wall ArapahoUITests */,
			);
		};
/* End PBXProject section */

/* Begin PBXResourcesBuildPhase section */
		0145DC581E998E5500784FBD /* Resources */ = {
			isa = PBXResourcesBuildPhase;
			buildActionMask = 2147483647;
			files = (
				015F19D21E9A627E003F199F /* 14 chicken.wav in Resources */,
				015F19D91E9A627E003F199F /* 23 rice.wav in Resources */,
				015F19DF1E9A627E003F199F /* 32 I want to eat cheese.wav in Resources */,
				015F19D01E9A627E003F199F /* 12 eggs.wav in Resources */,
				015F19E11E9A627E003F199F /* 34 all done question.wav in Resources */,
				015F19DE1E9A627E003F199F /* 29 Do you want some chicken.wav in Resources */,
				015F19D31E9A627E003F199F /* 15 cereal_wo.wav in Resources */,
				0145DC6B1E998E5500784FBD /* LaunchScreen.storyboard in Resources */,
				015F19C81E9A627E003F199F /* 1 What do you want to eat.wav in Resources */,
				015F19E41E9A627E003F199F /* 37 Im hungry.wav in Resources */,
				015F19CF1E9A627E003F199F /* 11 bread.wav in Resources */,
				01C71A121E9A99DF00F635C4 /* 1 What do you want to eat.mp3 in Resources */,
				015F19E01E9A627E003F199F /* 33 More question.wav in Resources */,
				015F19DB1E9A627E003F199F /* 25 water.wav in Resources */,
				015F19D51E9A627E003F199F /* 17 no.wav in Resources */,
				015F19CB1E9A627E003F199F /* 4 Say.wav in Resources */,
				015F19E61E9A6A28003F199F /* 1 What do you want to eat.mp3 in Resources */,
				015F19E31E9A627E003F199F /* 36 thank you.wav in Resources */,
				015F19CA1E9A627E003F199F /* 3 an Do_you_want.wav in Resources */,
				015F19D71E9A627E003F199F /* 21 banana.wav in Resources */,
				015F19D81E9A627E003F199F /* 22 cheese.wav in Resources */,
				015F19C91E9A627E003F199F /* 2 inan Do_you_want.wav in Resources */,
				015F19DC1E9A627E003F199F /* 27 what's that.wav in Resources */,
				015F19E21E9A627E003F199F /* 35 all done answer.wav in Resources */,
				015F19D11E9A627E003F199F /* 13 strawberries.wav in Resources */,
				015F19DD1E9A627E003F199F /* 28 -WO do you want cereal.wav in Resources */,
				015F19DA1E9A627E003F199F /* 24 carrots.wav in Resources */,
				015F19CD1E9A627E003F199F /* 9 more_more.wav in Resources */,
				0145DC681E998E5500784FBD /* Assets.xcassets in Resources */,
				015F19CC1E9A627E003F199F /* 8 an Its yummy.wav in Resources */,
				015F19CE1E9A627E003F199F /* 10 all done_all done.wav in Resources */,
				015F19D41E9A627E003F199F /* 16 yes final.wav in Resources */,
				0145DC631E998E5500784FBD /* Main.storyboard in Resources */,
				015F19D61E9A627E003F199F /* 18 milk.wav in Resources */,
			);
			runOnlyForDeploymentPostprocessing = 0;
		};
		0145DC6F1E998E5500784FBD /* Resources */ = {
			isa = PBXResourcesBuildPhase;
			buildActionMask = 2147483647;
			files = (
				01C71A131E9A99DF00F635C4 /* 1 What do you want to eat.mp3 in Resources */,
			);
			runOnlyForDeploymentPostprocessing = 0;
		};
		0145DC7A1E998E5500784FBD /* Resources */ = {
			isa = PBXResourcesBuildPhase;
			buildActionMask = 2147483647;
			files = (
				01C71A141E9A99DF00F635C4 /* 1 What do you want to eat.mp3 in Resources */,
			);
			runOnlyForDeploymentPostprocessing = 0;
		};
/* End PBXResourcesBuildPhase section */

/* Begin PBXSourcesBuildPhase section */
		0145DC561E998E5500784FBD /* Sources */ = {
			isa = PBXSourcesBuildPhase;
			buildActionMask = 2147483647;
			files = (
				0145DC661E998E5500784FBD /* Off_the_Wall_Arapaho.xcdatamodeld in Sources */,
				0145DC601E998E5500784FBD /* ViewController.swift in Sources */,
				0145DC8F1E9993B600784FBD /* QRScannerContoller.swift in Sources */,
				0145DC5E1E998E5500784FBD /* AppDelegate.swift in Sources */,
				019B2BEA1E9A01D800AEEC1E /* DisplayContentController.swift in Sources */,
			);
			runOnlyForDeploymentPostprocessing = 0;
		};
		0145DC6D1E998E5500784FBD /* Sources */ = {
			isa = PBXSourcesBuildPhase;
			buildActionMask = 2147483647;
			files = (
				0145DC761E998E5500784FBD /* Off_the_Wall_ArapahoTests.swift in Sources */,
			);
			runOnlyForDeploymentPostprocessing = 0;
		};
		0145DC781E998E5500784FBD /* Sources */ = {
			isa = PBXSourcesBuildPhase;
			buildActionMask = 2147483647;
			files = (
				0145DC811E998E5500784FBD /* Off_the_Wall_ArapahoUITests.swift in Sources */,
			);
			runOnlyForDeploymentPostprocessing = 0;
		};
/* End PBXSourcesBuildPhase section */

/* Begin PBXTargetDependency section */
		0145DC731E998E5500784FBD /* PBXTargetDependency */ = {
			isa = PBXTargetDependency;
			target = 0145DC591E998E5500784FBD /* Off the Wall Arapaho */;
			targetProxy = 0145DC721E998E5500784FBD /* PBXContainerItemProxy */;
		};
		0145DC7E1E998E5500784FBD /* PBXTargetDependency */ = {
			isa = PBXTargetDependency;
			target = 0145DC591E998E5500784FBD /* Off the Wall Arapaho */;
			targetProxy = 0145DC7D1E998E5500784FBD /* PBXContainerItemProxy */;
		};
/* End PBXTargetDependency section */

/* Begin PBXVariantGroup section */
		0145DC611E998E5500784FBD /* Main.storyboard */ = {
			isa = PBXVariantGroup;
			children = (
				0145DC621E998E5500784FBD /* Base */,
			);
			name = Main.storyboard;
			sourceTree = "<group>";
		};
		0145DC691E998E5500784FBD /* LaunchScreen.storyboard */ = {
			isa = PBXVariantGroup;
			children = (
				0145DC6A1E998E5500784FBD /* Base */,
			);
			name = LaunchScreen.storyboard;
			sourceTree = "<group>";
		};
/* End PBXVariantGroup section */

/* Begin XCBuildConfiguration section */
		0145DC831E998E5500784FBD /* Debug */ = {
			isa = XCBuildConfiguration;
			buildSettings = {
				ALWAYS_SEARCH_USER_PATHS = NO;
				CLANG_ANALYZER_NONNULL = YES;
				CLANG_ANALYZER_NUMBER_OBJECT_CONVERSION = YES_AGGRESSIVE;
				CLANG_CXX_LANGUAGE_STANDARD = "gnu++0x";
				CLANG_CXX_LIBRARY = "libc++";
				CLANG_ENABLE_MODULES = YES;
				CLANG_ENABLE_OBJC_ARC = YES;
				CLANG_WARN_BOOL_CONVERSION = YES;
				CLANG_WARN_CONSTANT_CONVERSION = YES;
				CLANG_WARN_DIRECT_OBJC_ISA_USAGE = YES_ERROR;
				CLANG_WARN_DOCUMENTATION_COMMENTS = YES;
				CLANG_WARN_EMPTY_BODY = YES;
				CLANG_WARN_ENUM_CONVERSION = YES;
				CLANG_WARN_INFINITE_RECURSION = YES;
				CLANG_WARN_INT_CONVERSION = YES;
				CLANG_WARN_OBJC_ROOT_CLASS = YES_ERROR;
				CLANG_WARN_SUSPICIOUS_MOVE = YES;
				CLANG_WARN_UNREACHABLE_CODE = YES;
				CLANG_WARN__DUPLICATE_METHOD_MATCH = YES;
				"CODE_SIGN_IDENTITY[sdk=iphoneos*]" = "iPhone Developer";
				COPY_PHASE_STRIP = NO;
				DEBUG_INFORMATION_FORMAT = dwarf;
				ENABLE_STRICT_OBJC_MSGSEND = YES;
				ENABLE_TESTABILITY = YES;
				GCC_C_LANGUAGE_STANDARD = gnu99;
				GCC_DYNAMIC_NO_PIC = NO;
				GCC_NO_COMMON_BLOCKS = YES;
				GCC_OPTIMIZATION_LEVEL = 0;
				GCC_PREPROCESSOR_DEFINITIONS = (
					"DEBUG=1",
					"$(inherited)",
				);
				GCC_WARN_64_TO_32_BIT_CONVERSION = YES;
				GCC_WARN_ABOUT_RETURN_TYPE = YES_ERROR;
				GCC_WARN_UNDECLARED_SELECTOR = YES;
				GCC_WARN_UNINITIALIZED_AUTOS = YES_AGGRESSIVE;
				GCC_WARN_UNUSED_FUNCTION = YES;
				GCC_WARN_UNUSED_VARIABLE = YES;
				IPHONEOS_DEPLOYMENT_TARGET = 10.3;
				MTL_ENABLE_DEBUG_INFO = YES;
				ONLY_ACTIVE_ARCH = YES;
				SDKROOT = iphoneos;
				SWIFT_ACTIVE_COMPILATION_CONDITIONS = DEBUG;
				SWIFT_OPTIMIZATION_LEVEL = "-Onone";
				TARGETED_DEVICE_FAMILY = "1,2";
			};
			name = Debug;
		};
		0145DC841E998E5500784FBD /* Release */ = {
			isa = XCBuildConfiguration;
			buildSettings = {
				ALWAYS_SEARCH_USER_PATHS = NO;
				CLANG_ANALYZER_NONNULL = YES;
				CLANG_ANALYZER_NUMBER_OBJECT_CONVERSION = YES_AGGRESSIVE;
				CLANG_CXX_LANGUAGE_STANDARD = "gnu++0x";
				CLANG_CXX_LIBRARY = "libc++";
				CLANG_ENABLE_MODULES = YES;
				CLANG_ENABLE_OBJC_ARC = YES;
				CLANG_WARN_BOOL_CONVERSION = YES;
				CLANG_WARN_CONSTANT_CONVERSION = YES;
				CLANG_WARN_DIRECT_OBJC_ISA_USAGE = YES_ERROR;
				CLANG_WARN_DOCUMENTATION_COMMENTS = YES;
				CLANG_WARN_EMPTY_BODY = YES;
				CLANG_WARN_ENUM_CONVERSION = YES;
				CLANG_WARN_INFINITE_RECURSION = YES;
				CLANG_WARN_INT_CONVERSION = YES;
				CLANG_WARN_OBJC_ROOT_CLASS = YES_ERROR;
				CLANG_WARN_SUSPICIOUS_MOVE = YES;
				CLANG_WARN_UNREACHABLE_CODE = YES;
				CLANG_WARN__DUPLICATE_METHOD_MATCH = YES;
				"CODE_SIGN_IDENTITY[sdk=iphoneos*]" = "iPhone Developer";
				COPY_PHASE_STRIP = NO;
				DEBUG_INFORMATION_FORMAT = "dwarf-with-dsym";
				ENABLE_NS_ASSERTIONS = NO;
				ENABLE_STRICT_OBJC_MSGSEND = YES;
				GCC_C_LANGUAGE_STANDARD = gnu99;
				GCC_NO_COMMON_BLOCKS = YES;
				GCC_WARN_64_TO_32_BIT_CONVERSION = YES;
				GCC_WARN_ABOUT_RETURN_TYPE = YES_ERROR;
				GCC_WARN_UNDECLARED_SELECTOR = YES;
				GCC_WARN_UNINITIALIZED_AUTOS = YES_AGGRESSIVE;
				GCC_WARN_UNUSED_FUNCTION = YES;
				GCC_WARN_UNUSED_VARIABLE = YES;
				IPHONEOS_DEPLOYMENT_TARGET = 10.3;
				MTL_ENABLE_DEBUG_INFO = NO;
				SDKROOT = iphoneos;
				SWIFT_OPTIMIZATION_LEVEL = "-Owholemodule";
				TARGETED_DEVICE_FAMILY = "1,2";
				VALIDATE_PRODUCT = YES;
			};
			name = Release;
		};
		0145DC861E998E5500784FBD /* Debug */ = {
			isa = XCBuildConfiguration;
			buildSettings = {
				ASSETCATALOG_COMPILER_APPICON_NAME = AppIcon;
				DEVELOPMENT_TEAM = 226CXQHTPN;
				INFOPLIST_FILE = "Off the Wall Arapaho/Info.plist";
				LD_RUNPATH_SEARCH_PATHS = "$(inherited) @executable_path/Frameworks";
				PRODUCT_BUNDLE_IDENTIFIER = "OTW-Arapaho.Off-the-Wall-Arapaho";
				PRODUCT_NAME = "$(TARGET_NAME)";
				SWIFT_VERSION = 3.0;
			};
			name = Debug;
		};
		0145DC871E998E5500784FBD /* Release */ = {
			isa = XCBuildConfiguration;
			buildSettings = {
				ASSETCATALOG_COMPILER_APPICON_NAME = AppIcon;
				DEVELOPMENT_TEAM = 226CXQHTPN;
				INFOPLIST_FILE = "Off the Wall Arapaho/Info.plist";
				LD_RUNPATH_SEARCH_PATHS = "$(inherited) @executable_path/Frameworks";
				PRODUCT_BUNDLE_IDENTIFIER = "OTW-Arapaho.Off-the-Wall-Arapaho";
				PRODUCT_NAME = "$(TARGET_NAME)";
				SWIFT_VERSION = 3.0;
			};
			name = Release;
		};
		0145DC891E998E5500784FBD /* Debug */ = {
			isa = XCBuildConfiguration;
			buildSettings = {
				ALWAYS_EMBED_SWIFT_STANDARD_LIBRARIES = YES;
				BUNDLE_LOADER = "$(TEST_HOST)";
				DEVELOPMENT_TEAM = 226CXQHTPN;
				INFOPLIST_FILE = "Off the Wall ArapahoTests/Info.plist";
				LD_RUNPATH_SEARCH_PATHS = "$(inherited) @executable_path/Frameworks @loader_path/Frameworks";
				PRODUCT_BUNDLE_IDENTIFIER = "OTW-Arapaho.Off-the-Wall-ArapahoTests";
				PRODUCT_NAME = "$(TARGET_NAME)";
				SWIFT_VERSION = 3.0;
				TEST_HOST = "$(BUILT_PRODUCTS_DIR)/Off the Wall Arapaho.app/Off the Wall Arapaho";
			};
			name = Debug;
		};
		0145DC8A1E998E5500784FBD /* Release */ = {
			isa = XCBuildConfiguration;
			buildSettings = {
				ALWAYS_EMBED_SWIFT_STANDARD_LIBRARIES = YES;
				BUNDLE_LOADER = "$(TEST_HOST)";
				DEVELOPMENT_TEAM = 226CXQHTPN;
				INFOPLIST_FILE = "Off the Wall ArapahoTests/Info.plist";
				LD_RUNPATH_SEARCH_PATHS = "$(inherited) @executable_path/Frameworks @loader_path/Frameworks";
				PRODUCT_BUNDLE_IDENTIFIER = "OTW-Arapaho.Off-the-Wall-ArapahoTests";
				PRODUCT_NAME = "$(TARGET_NAME)";
				SWIFT_VERSION = 3.0;
				TEST_HOST = "$(BUILT_PRODUCTS_DIR)/Off the Wall Arapaho.app/Off the Wall Arapaho";
			};
			name = Release;
		};
		0145DC8C1E998E5500784FBD /* Debug */ = {
			isa = XCBuildConfiguration;
			buildSettings = {
				ALWAYS_EMBED_SWIFT_STANDARD_LIBRARIES = YES;
				DEVELOPMENT_TEAM = 226CXQHTPN;
				INFOPLIST_FILE = "Off the Wall ArapahoUITests/Info.plist";
				LD_RUNPATH_SEARCH_PATHS = "$(inherited) @executable_path/Frameworks @loader_path/Frameworks";
				PRODUCT_BUNDLE_IDENTIFIER = "OTW-Arapaho.Off-the-Wall-ArapahoUITests";
				PRODUCT_NAME = "$(TARGET_NAME)";
				SWIFT_VERSION = 3.0;
				TEST_TARGET_NAME = "Off the Wall Arapaho";
			};
			name = Debug;
		};
		0145DC8D1E998E5500784FBD /* Release */ = {
			isa = XCBuildConfiguration;
			buildSettings = {
				ALWAYS_EMBED_SWIFT_STANDARD_LIBRARIES = YES;
				DEVELOPMENT_TEAM = 226CXQHTPN;
				INFOPLIST_FILE = "Off the Wall ArapahoUITests/Info.plist";
				LD_RUNPATH_SEARCH_PATHS = "$(inherited) @executable_path/Frameworks @loader_path/Frameworks";
				PRODUCT_BUNDLE_IDENTIFIER = "OTW-Arapaho.Off-the-Wall-ArapahoUITests";
				PRODUCT_NAME = "$(TARGET_NAME)";
				SWIFT_VERSION = 3.0;
				TEST_TARGET_NAME = "Off the Wall Arapaho";
			};
			name = Release;
		};
/* End XCBuildConfiguration section */

/* Begin XCConfigurationList section */
		0145DC551E998E5500784FBD /* Build configuration list for PBXProject "Off the Wall Arapaho" */ = {
			isa = XCConfigurationList;
			buildConfigurations = (
				0145DC831E998E5500784FBD /* Debug */,
				0145DC841E998E5500784FBD /* Release */,
			);
			defaultConfigurationIsVisible = 0;
			defaultConfigurationName = Release;
		};
		0145DC851E998E5500784FBD /* Build configuration list for PBXNativeTarget "Off the Wall Arapaho" */ = {
			isa = XCConfigurationList;
			buildConfigurations = (
				0145DC861E998E5500784FBD /* Debug */,
				0145DC871E998E5500784FBD /* Release */,
			);
			defaultConfigurationIsVisible = 0;
			defaultConfigurationName = Release;
		};
		0145DC881E998E5500784FBD /* Build configuration list for PBXNativeTarget "Off the Wall ArapahoTests" */ = {
			isa = XCConfigurationList;
			buildConfigurations = (
				0145DC891E998E5500784FBD /* Debug */,
				0145DC8A1E998E5500784FBD /* Release */,
			);
			defaultConfigurationIsVisible = 0;
			defaultConfigurationName = Release;
		};
		0145DC8B1E998E5500784FBD /* Build configuration list for PBXNativeTarget "Off the Wall ArapahoUITests" */ = {
			isa = XCConfigurationList;
			buildConfigurations = (
				0145DC8C1E998E5500784FBD /* Debug */,
				0145DC8D1E998E5500784FBD /* Release */,
			);
			defaultConfigurationIsVisible = 0;
			defaultConfigurationName = Release;
		};
/* End XCConfigurationList section */

/* Begin XCVersionGroup section */
		0145DC641E998E5500784FBD /* Off_the_Wall_Arapaho.xcdatamodeld */ = {
			isa = XCVersionGroup;
			children = (
				0145DC651E998E5500784FBD /* Off_the_Wall_Arapaho.xcdatamodel */,
			);
			currentVersion = 0145DC651E998E5500784FBD /* Off_the_Wall_Arapaho.xcdatamodel */;
			path = Off_the_Wall_Arapaho.xcdatamodeld;
			sourceTree = "<group>";
			versionGroupType = wrapper.xcdatamodel;
		};
/* End XCVersionGroup section */
	};
	rootObject = 0145DC521E998E5500784FBD /* Project object */;
}
